
Microsoft Visual Studio Solution File, Format Version 12.00
# Visual Studio 15
VisualStudioVersion = 15.0.26730.12
MinimumVisualStudioVersion = 10.0.40219.1
Project("{FAE04EC0-301F-11D3-BF4B-00C04F79EFBC}") = "FunctionExTwo", "FunctionExTwo\FunctionExTwo.csproj", "{7DF56940-D6DC-493B-9B9A-4F1A3BBFEC08}"
EndProject
Global
	GlobalSection(SolutionConfigurationPlatforms) = preSolution
		Debug|Any CPU = Debug|Any CPU
		Release|Any CPU = Release|Any CPU
	EndGlobalSection
	GlobalSection(ProjectConfigurationPlatforms) = postSolution
		{7DF56940-D6DC-493B-9B9A-4F1A3BBFEC08}.Debug|Any CPU.ActiveCfg = Debug|Any CPU
		{7DF56940-D6DC-493B-9B9A-4F1A3BBFEC08}.Debug|Any CPU.Build.0 = Debug|Any CPU
		{7DF56940-D6DC-493B-9B9A-4F1A3BBFEC08}.Release|Any CPU.ActiveCfg = Release|Any CPU
		{7DF56940-D6DC-493B-9B9A-4F1A3BBFEC08}.Release|Any CPU.Build.0 = Release|Any CPU
		{D7E1B7D0-AE21-434B-A0E9-07FB92713300}.Debug|Any CPU.ActiveCfg = Debug|Any CPU
		{D7E1B7D0-AE21-434B-A0E9-07FB92713300}.Debug|Any CPU.Build.0 = Debug|Any CPU
		{D7E1B7D0-AE21-434B-A0E9-07FB92713300}.Release|Any CPU.ActiveCfg = Release|Any CPU
		{D7E1B7D0-AE21-434B-A0E9-07FB92713300}.Release|Any CPU.Build.0 = Release|Any CPU
		{39FE2EC9-05B3-4EDB-8FB7-E28832B835CC}.Debug|Any CPU.ActiveCfg = Debug|Any CPU
		{39FE2EC9-05B3-4EDB-8FB7-E28832B835CC}.Debug|Any CPU.Build.0 = Debug|Any CPU
		{39FE2EC9-05B3-4EDB-8FB7-E28832B835CC}.Release|Any CPU.ActiveCfg = Release|Any CPU
		{39FE2EC9-05B3-4EDB-8FB7-E28832B835CC}.Release|Any CPU.Build.0 = Release|Any CPU
	EndGlobalSection
	GlobalSection(SolutionProperties) = preSolution
		HideSolutionNode = FALSE
	EndGlobalSection
	GlobalSection(ExtensibilityGlobals) = postSolution
		SolutionGuid = {42954526-579F-4D17-9864-407FDECE4A3B}
	EndGlobalSection
EndGlobal
